
Microsoft Visual Studio Solution File, Format Version 12.00
# Visual Studio 15
VisualStudioVersion = 15.0.27703.2035
MinimumVisualStudioVersion = 10.0.40219.1
Project("{FAE04EC0-301F-11D3-BF4B-00C04F79EFBC}") = "ApartmentRegisterApp", "ApartmentRegisterApp\ApartmentRegisterApp.csproj", "{40A801DA-1F73-47EF-A605-4CBACFD9CC19}"
EndProject
Project("{FAE04EC0-301F-11D3-BF4B-00C04F79EFBC}") = "ApartmentRegisterApp.Tests", "ApartmentRegisterApp.Tests\ApartmentRegisterApp.Tests.csproj", "{28150EF8-B1F1-4B10-873B-28C6C8567546}"
EndProject
Project("{FAE04EC0-301F-11D3-BF4B-00C04F79EFBC}") = "BusinessObjectLayer", "..\BusinessObjectLayer\BusinessObjectLayer.csproj", "{C112BE55-72F5-4E6F-9B56-0736F9549D55}"
EndProject
Project("{FAE04EC0-301F-11D3-BF4B-00C04F79EFBC}") = "DataAccessLayer", "..\DataAccessLayer\DataAccessLayer.csproj", "{A5B4EBC7-6005-4911-B534-1216E210206A}"
EndProject
Project("{FAE04EC0-301F-11D3-BF4B-00C04F79EFBC}") = "BusinessLogicLayer", "..\BusinessLogicLayer\BusinessLogicLayer.csproj", "{C95148D9-D65A-48C6-A8C7-F4A1246CFC38}"
EndProject
Global
	GlobalSection(SolutionConfigurationPlatforms) = preSolution
		Debug|Any CPU = Debug|Any CPU
		Release|Any CPU = Release|Any CPU
	EndGlobalSection
	GlobalSection(ProjectConfigurationPlatforms) = postSolution
		{40A801DA-1F73-47EF-A605-4CBACFD9CC19}.Debug|Any CPU.ActiveCfg = Debug|Any CPU
		{40A801DA-1F73-47EF-A605-4CBACFD9CC19}.Debug|Any CPU.Build.0 = Debug|Any CPU
		{40A801DA-1F73-47EF-A605-4CBACFD9CC19}.Release|Any CPU.ActiveCfg = Release|Any CPU
		{40A801DA-1F73-47EF-A605-4CBACFD9CC19}.Release|Any CPU.Build.0 = Release|Any CPU
		{28150EF8-B1F1-4B10-873B-28C6C8567546}.Debug|Any CPU.ActiveCfg = Debug|Any CPU
		{28150EF8-B1F1-4B10-873B-28C6C8567546}.Debug|Any CPU.Build.0 = Debug|Any CPU
		{28150EF8-B1F1-4B10-873B-28C6C8567546}.Release|Any CPU.ActiveCfg = Release|Any CPU
		{28150EF8-B1F1-4B10-873B-28C6C8567546}.Release|Any CPU.Build.0 = Release|Any CPU
		{C112BE55-72F5-4E6F-9B56-0736F9549D55}.Debug|Any CPU.ActiveCfg = Debug|Any CPU
		{C112BE55-72F5-4E6F-9B56-0736F9549D55}.Debug|Any CPU.Build.0 = Debug|Any CPU
		{C112BE55-72F5-4E6F-9B56-0736F9549D55}.Release|Any CPU.ActiveCfg = Release|Any CPU
		{C112BE55-72F5-4E6F-9B56-0736F9549D55}.Release|Any CPU.Build.0 = Release|Any CPU
		{A5B4EBC7-6005-4911-B534-1216E210206A}.Debug|Any CPU.ActiveCfg = Debug|Any CPU
		{A5B4EBC7-6005-4911-B534-1216E210206A}.Debug|Any CPU.Build.0 = Debug|Any CPU
		{A5B4EBC7-6005-4911-B534-1216E210206A}.Release|Any CPU.ActiveCfg = Release|Any CPU
		{A5B4EBC7-6005-4911-B534-1216E210206A}.Release|Any CPU.Build.0 = Release|Any CPU
		{C95148D9-D65A-48C6-A8C7-F4A1246CFC38}.Debug|Any CPU.ActiveCfg = Debug|Any CPU
		{C95148D9-D65A-48C6-A8C7-F4A1246CFC38}.Debug|Any CPU.Build.0 = Debug|Any CPU
		{C95148D9-D65A-48C6-A8C7-F4A1246CFC38}.Release|Any CPU.ActiveCfg = Release|Any CPU
		{C95148D9-D65A-48C6-A8C7-F4A1246CFC38}.Release|Any CPU.Build.0 = Release|Any CPU
	EndGlobalSection
	GlobalSection(SolutionProperties) = preSolution
		HideSolutionNode = FALSE
	EndGlobalSection
	GlobalSection(ExtensibilityGlobals) = postSolution
		SolutionGuid = {3FE7BAE9-FC5F-4702-8939-B9BB26730B8C}
	EndGlobalSection
EndGlobal
